
Microsoft Visual Studio Solution File, Format Version 12.00
# Visual Studio Version 17
VisualStudioVersion = 17.3.32825.248
MinimumVisualStudioVersion = 10.0.40219.1
Project("{FAE04EC0-301F-11D3-BF4B-00C04F79EFBC}") = "CalculatingSquare", "CalculatingArea\CalculatingSquare.csproj", "{38E2D0E5-6EC4-4712-BAC0-45897A090600}"
EndProject
Project("{FAE04EC0-301F-11D3-BF4B-00C04F79EFBC}") = "CalculatingSquareTest", "CalculatingSquare.Test\CalculatingSquareTest.csproj", "{E5050680-9855-4F96-A5FF-F3A7203D26BB}"
EndProject
Global
	GlobalSection(SolutionConfigurationPlatforms) = preSolution
		Debug|Any CPU = Debug|Any CPU
		Release|Any CPU = Release|Any CPU
	EndGlobalSection
	GlobalSection(ProjectConfigurationPlatforms) = postSolution
		{38E2D0E5-6EC4-4712-BAC0-45897A090600}.Debug|Any CPU.ActiveCfg = Debug|Any CPU
		{38E2D0E5-6EC4-4712-BAC0-45897A090600}.Debug|Any CPU.Build.0 = Debug|Any CPU
		{38E2D0E5-6EC4-4712-BAC0-45897A090600}.Release|Any CPU.ActiveCfg = Release|Any CPU
		{38E2D0E5-6EC4-4712-BAC0-45897A090600}.Release|Any CPU.Build.0 = Release|Any CPU
		{E5050680-9855-4F96-A5FF-F3A7203D26BB}.Debug|Any CPU.ActiveCfg = Debug|Any CPU
		{E5050680-9855-4F96-A5FF-F3A7203D26BB}.Debug|Any CPU.Build.0 = Debug|Any CPU
		{E5050680-9855-4F96-A5FF-F3A7203D26BB}.Release|Any CPU.ActiveCfg = Release|Any CPU
		{E5050680-9855-4F96-A5FF-F3A7203D26BB}.Release|Any CPU.Build.0 = Release|Any CPU
	EndGlobalSection
	GlobalSection(SolutionProperties) = preSolution
		HideSolutionNode = FALSE
	EndGlobalSection
	GlobalSection(ExtensibilityGlobals) = postSolution
		SolutionGuid = {702F04FC-D470-4FC0-AF3C-DBC5E96E0775}
	EndGlobalSection
EndGlobal
